
Microsoft Visual Studio Solution File, Format Version 12.00
# Visual Studio 15
Project("{FAE04EC0-301F-11D3-BF4B-00C04F79EFBC}") = "UnityEngine.SpatialTracking", "UnityEngine.SpatialTracking.csproj", "{AF3CD6A6-BB0E-FF36-C43D-25BF2D726E40}"
EndProject
Project("{FAE04EC0-301F-11D3-BF4B-00C04F79EFBC}") = "UnityEngine.TestRunner", "UnityEngine.TestRunner.csproj", "{35C30D75-C9A7-A0C8-2F95-AD95F0880445}"
EndProject
Project("{FAE04EC0-301F-11D3-BF4B-00C04F79EFBC}") = "Unity.VisualScripting.Flow", "Unity.VisualScripting.Flow.csproj", "{9A7395E2-71EC-7AF5-0F8F-9552AC84365C}"
EndProject
Project("{FAE04EC0-301F-11D3-BF4B-00C04F79EFBC}") = "Unity.XR.Interaction.Toolkit", "Unity.XR.Interaction.Toolkit.csproj", "{46B76CEA-6BF6-EAB8-E1A8-E47AF9748A9C}"
EndProject
Project("{FAE04EC0-301F-11D3-BF4B-00C04F79EFBC}") = "Unity.Mathematics", "Unity.Mathematics.csproj", "{91D31373-AEAD-9798-9683-C1DB0D24339C}"
EndProject
Project("{FAE04EC0-301F-11D3-BF4B-00C04F79EFBC}") = "Unity.InputSystem", "Unity.InputSystem.csproj", "{57B86CFB-C0CE-A189-7A16-C3893DECB84D}"
EndProject
Project("{FAE04EC0-301F-11D3-BF4B-00C04F79EFBC}") = "Unity.VisualScripting.State", "Unity.VisualScripting.State.csproj", "{75D86CD0-0D8F-7855-0FAC-144BF37E00E2}"
EndProject
Project("{FAE04EC0-301F-11D3-BF4B-00C04F79EFBC}") = "Unity.VisualScripting.Core", "Unity.VisualScripting.Core.csproj", "{0934F681-07B1-BEA5-0263-FB8A03924F49}"
EndProject
Project("{FAE04EC0-301F-11D3-BF4B-00C04F79EFBC}") = "UnityEngine.XR.LegacyInputHelpers", "UnityEngine.XR.LegacyInputHelpers.csproj", "{CC5B842D-4A6E-10C1-5889-C8C73FB075F6}"
EndProject
Project("{FAE04EC0-301F-11D3-BF4B-00C04F79EFBC}") = "Unity.XR.Oculus", "Unity.XR.Oculus.csproj", "{85B1CB17-870A-42C7-5834-AC73206BDD82}"
EndProject
Project("{FAE04EC0-301F-11D3-BF4B-00C04F79EFBC}") = "Unity.TextMeshPro", "Unity.TextMeshPro.csproj", "{B68D1B49-1C36-DF54-B496-890A9089C412}"
EndProject
Project("{FAE04EC0-301F-11D3-BF4B-00C04F79EFBC}") = "Unity.Timeline", "Unity.Timeline.csproj", "{BA6B4717-B505-32D9-CACF-6E09E6770785}"
EndProject
Project("{FAE04EC0-301F-11D3-BF4B-00C04F79EFBC}") = "Unity.XR.CoreUtils", "Unity.XR.CoreUtils.csproj", "{97AD4613-2DF8-0456-E2DE-EBEA154FF6E1}"
EndProject
Project("{FAE04EC0-301F-11D3-BF4B-00C04F79EFBC}") = "Assembly-CSharp-firstpass", "Assembly-CSharp-firstpass.csproj", "{425B6333-6139-41EA-5F70-C9C701B40DB9}"
EndProject
Project("{FAE04EC0-301F-11D3-BF4B-00C04F79EFBC}") = "Assembly-CSharp", "Assembly-CSharp.csproj", "{30DEE101-E03B-F712-C496-D2347EEF5AA5}"
EndProject
Project("{FAE04EC0-301F-11D3-BF4B-00C04F79EFBC}") = "Unity.XR.Management", "Unity.XR.Management.csproj", "{7D8E711E-A462-2BC6-786B-3AE9153FACE1}"
EndProject
Project("{FAE04EC0-301F-11D3-BF4B-00C04F79EFBC}") = "Unity.TerrainTools", "Unity.TerrainTools.csproj", "{601571A3-0933-2081-291B-770736294515}"
EndProject
Project("{FAE04EC0-301F-11D3-BF4B-00C04F79EFBC}") = "Unity.InputSystem.TestFramework", "Unity.InputSystem.TestFramework.csproj", "{7C4F0455-14FB-A355-42E9-DBADE7569E40}"
EndProject
Project("{FAE04EC0-301F-11D3-BF4B-00C04F79EFBC}") = "Unity.XR.MockHMD", "Unity.XR.MockHMD.csproj", "{A7E88772-8F8B-C1E4-99B8-A4129B3EF702}"
EndProject
Project("{FAE04EC0-301F-11D3-BF4B-00C04F79EFBC}") = "Unity.VisualScripting.Core.Editor", "Unity.VisualScripting.Core.Editor.csproj", "{9BE86689-F3EB-3FC1-54D7-DF082C9C6BB6}"
EndProject
Project("{FAE04EC0-301F-11D3-BF4B-00C04F79EFBC}") = "Unity.PlasticSCM.Editor", "Unity.PlasticSCM.Editor.csproj", "{A54C5723-36A2-5446-6922-AA7E76E9F062}"
EndProject
Project("{FAE04EC0-301F-11D3-BF4B-00C04F79EFBC}") = "Unity.VisualScripting.Flow.Editor", "Unity.VisualScripting.Flow.Editor.csproj", "{97D5C790-9798-561E-EC1C-548714DDAE3C}"
EndProject
Project("{FAE04EC0-301F-11D3-BF4B-00C04F79EFBC}") = "Unity.TerrainTools.Editor", "Unity.TerrainTools.Editor.csproj", "{3F9F7B27-0CCC-B9F1-DCAF-D913FCB89583}"
EndProject
Project("{FAE04EC0-301F-11D3-BF4B-00C04F79EFBC}") = "Unity.VisualStudio.Editor", "Unity.VisualStudio.Editor.csproj", "{CF78A15C-2C22-D867-5075-95C44C7A26B5}"
EndProject
Project("{FAE04EC0-301F-11D3-BF4B-00C04F79EFBC}") = "Unity.Timeline.Editor", "Unity.Timeline.Editor.csproj", "{2C7D2173-8054-B870-4AF9-1082A7F7A137}"
EndProject
Project("{FAE04EC0-301F-11D3-BF4B-00C04F79EFBC}") = "Unity.VisualScripting.State.Editor", "Unity.VisualScripting.State.Editor.csproj", "{625AD757-D25F-6973-BCF6-A8BCF3BC6C50}"
EndProject
Project("{FAE04EC0-301F-11D3-BF4B-00C04F79EFBC}") = "Unity.XR.Interaction.Toolkit.Editor", "Unity.XR.Interaction.Toolkit.Editor.csproj", "{AE6EBA49-31E9-BD3D-A3BA-C95D8C26CC03}"
EndProject
Project("{FAE04EC0-301F-11D3-BF4B-00C04F79EFBC}") = "Unity.TextMeshPro.Editor", "Unity.TextMeshPro.Editor.csproj", "{6651610F-11C8-DF65-7031-E9FC95AAE036}"
EndProject
Project("{FAE04EC0-301F-11D3-BF4B-00C04F79EFBC}") = "Unity.VisualScripting.SettingsProvider.Editor", "Unity.VisualScripting.SettingsProvider.Editor.csproj", "{66C8758F-56D6-B207-D712-C80719D450B2}"
EndProject
Project("{FAE04EC0-301F-11D3-BF4B-00C04F79EFBC}") = "UnityEditor.TestRunner", "UnityEditor.TestRunner.csproj", "{98C8C5E9-EF2D-E4BF-0121-391FE8ED052C}"
EndProject
Project("{FAE04EC0-301F-11D3-BF4B-00C04F79EFBC}") = "Unity.TestTools.CodeCoverage.Editor", "Unity.TestTools.CodeCoverage.Editor.csproj", "{2A7E325A-3517-A73A-80C2-8B02DF1E60E3}"
EndProject
Project("{FAE04EC0-301F-11D3-BF4B-00C04F79EFBC}") = "Unity.Rider.Editor", "Unity.Rider.Editor.csproj", "{394144B7-DF24-2A17-0524-C9A8A4AA0E8C}"
EndProject
Project("{FAE04EC0-301F-11D3-BF4B-00C04F79EFBC}") = "Unity.XR.CoreUtils.Editor", "Unity.XR.CoreUtils.Editor.csproj", "{DCA09729-E9B0-D428-0999-E948799CBC5E}"
EndProject
Project("{FAE04EC0-301F-11D3-BF4B-00C04F79EFBC}") = "Unity.Performance.Profile-Analyzer.Editor", "Unity.Performance.Profile-Analyzer.Editor.csproj", "{31C5B0B0-CBDD-5A44-869A-68CF1DE6ABC3}"
EndProject
Project("{FAE04EC0-301F-11D3-BF4B-00C04F79EFBC}") = "Unity.XR.Management.Editor", "Unity.XR.Management.Editor.csproj", "{FECCB061-AD95-D529-FC18-11A6F4E695C4}"
EndProject
Project("{FAE04EC0-301F-11D3-BF4B-00C04F79EFBC}") = "Unity.VSCode.Editor", "Unity.VSCode.Editor.csproj", "{3A9563DC-3D8F-0E31-EE90-BB3B0BB26F70}"
EndProject
Project("{FAE04EC0-301F-11D3-BF4B-00C04F79EFBC}") = "Unity.TestTools.CodeCoverage.Editor.OpenCover.Model", "Unity.TestTools.CodeCoverage.Editor.OpenCover.Model.csproj", "{0A7FD969-DCF7-960D-CF35-D4F9C9818ED7}"
EndProject
Project("{FAE04EC0-301F-11D3-BF4B-00C04F79EFBC}") = "Unity.EditorCoroutines.Editor", "Unity.EditorCoroutines.Editor.csproj", "{B761D591-A2D7-D150-798E-D1E864388A05}"
EndProject
Project("{FAE04EC0-301F-11D3-BF4B-00C04F79EFBC}") = "Unity.Settings.Editor", "Unity.Settings.Editor.csproj", "{399C8769-C82C-E0C4-C28F-94280582165B}"
EndProject
Project("{FAE04EC0-301F-11D3-BF4B-00C04F79EFBC}") = "UnityEditor.SpatialTracking", "UnityEditor.SpatialTracking.csproj", "{5663FB53-699D-93DA-0BFB-DA4F3236E1D7}"
EndProject
Project("{FAE04EC0-301F-11D3-BF4B-00C04F79EFBC}") = "Unity.CollabProxy.Editor", "Unity.CollabProxy.Editor.csproj", "{98F0AC8A-6563-47D5-B936-0CBD5DCC075F}"
EndProject
Project("{FAE04EC0-301F-11D3-BF4B-00C04F79EFBC}") = "Unity.XR.MockHMD.Editor", "Unity.XR.MockHMD.Editor.csproj", "{6CB1EF53-3590-12D1-5C84-BFBDEFCF3C82}"
EndProject
Project("{FAE04EC0-301F-11D3-BF4B-00C04F79EFBC}") = "Unity.Mathematics.Editor", "Unity.Mathematics.Editor.csproj", "{C31FE2E3-B9AE-8577-E477-6CB12C0F09D3}"
EndProject
Project("{FAE04EC0-301F-11D3-BF4B-00C04F79EFBC}") = "UnityEditor.XR.LegacyInputHelpers", "UnityEditor.XR.LegacyInputHelpers.csproj", "{8FB8B85F-FD54-0C5E-A36E-7621057D5132}"
EndProject
Project("{FAE04EC0-301F-11D3-BF4B-00C04F79EFBC}") = "Unity.XR.Oculus.Editor", "Unity.XR.Oculus.Editor.csproj", "{3216795E-F75F-33DB-3495-4911F8843220}"
EndProject
Project("{FAE04EC0-301F-11D3-BF4B-00C04F79EFBC}") = "Assembly-CSharp-Editor-firstpass", "Assembly-CSharp-Editor-firstpass.csproj", "{95476462-CA12-666F-8DC7-82DC9E3B8344}"
EndProject
Project("{FAE04EC0-301F-11D3-BF4B-00C04F79EFBC}") = "Unity.TestTools.CodeCoverage.Editor.OpenCover.Mono.Reflection", "Unity.TestTools.CodeCoverage.Editor.OpenCover.Mono.Reflection.csproj", "{ACB62EEA-9449-9F0A-41A0-B89E356AF4BA}"
EndProject
Project("{FAE04EC0-301F-11D3-BF4B-00C04F79EFBC}") = "Unity.VisualScripting.Shared.Editor", "Unity.VisualScripting.Shared.Editor.csproj", "{68B1B2F7-A7AB-A50F-C00C-046F85106D81}"
EndProject
Global
	GlobalSection(SolutionConfigurationPlatforms) = preSolution
		Debug|Any CPU = Debug|Any CPU
		Release|Any CPU = Release|Any CPU
	EndGlobalSection
	GlobalSection(ProjectConfigurationPlatforms) = postSolution
		{AF3CD6A6-BB0E-FF36-C43D-25BF2D726E40}.Debug|Any CPU.ActiveCfg = Debug|Any CPU
		{AF3CD6A6-BB0E-FF36-C43D-25BF2D726E40}.Debug|Any CPU.Build.0 = Debug|Any CPU
		{AF3CD6A6-BB0E-FF36-C43D-25BF2D726E40}.Release|Any CPU.ActiveCfg = Release|Any CPU
		{AF3CD6A6-BB0E-FF36-C43D-25BF2D726E40}.Release|Any CPU.Build.0 = Release|Any CPU
		{35C30D75-C9A7-A0C8-2F95-AD95F0880445}.Debug|Any CPU.ActiveCfg = Debug|Any CPU
		{35C30D75-C9A7-A0C8-2F95-AD95F0880445}.Debug|Any CPU.Build.0 = Debug|Any CPU
		{35C30D75-C9A7-A0C8-2F95-AD95F0880445}.Release|Any CPU.ActiveCfg = Release|Any CPU
		{35C30D75-C9A7-A0C8-2F95-AD95F0880445}.Release|Any CPU.Build.0 = Release|Any CPU
		{9A7395E2-71EC-7AF5-0F8F-9552AC84365C}.Debug|Any CPU.ActiveCfg = Debug|Any CPU
		{9A7395E2-71EC-7AF5-0F8F-9552AC84365C}.Debug|Any CPU.Build.0 = Debug|Any CPU
		{9A7395E2-71EC-7AF5-0F8F-9552AC84365C}.Release|Any CPU.ActiveCfg = Release|Any CPU
		{9A7395E2-71EC-7AF5-0F8F-9552AC84365C}.Release|Any CPU.Build.0 = Release|Any CPU
		{46B76CEA-6BF6-EAB8-E1A8-E47AF9748A9C}.Debug|Any CPU.ActiveCfg = Debug|Any CPU
		{46B76CEA-6BF6-EAB8-E1A8-E47AF9748A9C}.Debug|Any CPU.Build.0 = Debug|Any CPU
		{46B76CEA-6BF6-EAB8-E1A8-E47AF9748A9C}.Release|Any CPU.ActiveCfg = Release|Any CPU
		{46B76CEA-6BF6-EAB8-E1A8-E47AF9748A9C}.Release|Any CPU.Build.0 = Release|Any CPU
		{91D31373-AEAD-9798-9683-C1DB0D24339C}.Debug|Any CPU.ActiveCfg = Debug|Any CPU
		{91D31373-AEAD-9798-9683-C1DB0D24339C}.Debug|Any CPU.Build.0 = Debug|Any CPU
		{91D31373-AEAD-9798-9683-C1DB0D24339C}.Release|Any CPU.ActiveCfg = Release|Any CPU
		{91D31373-AEAD-9798-9683-C1DB0D24339C}.Release|Any CPU.Build.0 = Release|Any CPU
		{57B86CFB-C0CE-A189-7A16-C3893DECB84D}.Debug|Any CPU.ActiveCfg = Debug|Any CPU
		{57B86CFB-C0CE-A189-7A16-C3893DECB84D}.Debug|Any CPU.Build.0 = Debug|Any CPU
		{57B86CFB-C0CE-A189-7A16-C3893DECB84D}.Release|Any CPU.ActiveCfg = Release|Any CPU
		{57B86CFB-C0CE-A189-7A16-C3893DECB84D}.Release|Any CPU.Build.0 = Release|Any CPU
		{75D86CD0-0D8F-7855-0FAC-144BF37E00E2}.Debug|Any CPU.ActiveCfg = Debug|Any CPU
		{75D86CD0-0D8F-7855-0FAC-144BF37E00E2}.Debug|Any CPU.Build.0 = Debug|Any CPU
		{75D86CD0-0D8F-7855-0FAC-144BF37E00E2}.Release|Any CPU.ActiveCfg = Release|Any CPU
		{75D86CD0-0D8F-7855-0FAC-144BF37E00E2}.Release|Any CPU.Build.0 = Release|Any CPU
		{0934F681-07B1-BEA5-0263-FB8A03924F49}.Debug|Any CPU.ActiveCfg = Debug|Any CPU
		{0934F681-07B1-BEA5-0263-FB8A03924F49}.Debug|Any CPU.Build.0 = Debug|Any CPU
		{0934F681-07B1-BEA5-0263-FB8A03924F49}.Release|Any CPU.ActiveCfg = Release|Any CPU
		{0934F681-07B1-BEA5-0263-FB8A03924F49}.Release|Any CPU.Build.0 = Release|Any CPU
		{CC5B842D-4A6E-10C1-5889-C8C73FB075F6}.Debug|Any CPU.ActiveCfg = Debug|Any CPU
		{CC5B842D-4A6E-10C1-5889-C8C73FB075F6}.Debug|Any CPU.Build.0 = Debug|Any CPU
		{CC5B842D-4A6E-10C1-5889-C8C73FB075F6}.Release|Any CPU.ActiveCfg = Release|Any CPU
		{CC5B842D-4A6E-10C1-5889-C8C73FB075F6}.Release|Any CPU.Build.0 = Release|Any CPU
		{85B1CB17-870A-42C7-5834-AC73206BDD82}.Debug|Any CPU.ActiveCfg = Debug|Any CPU
		{85B1CB17-870A-42C7-5834-AC73206BDD82}.Debug|Any CPU.Build.0 = Debug|Any CPU
		{85B1CB17-870A-42C7-5834-AC73206BDD82}.Release|Any CPU.ActiveCfg = Release|Any CPU
		{85B1CB17-870A-42C7-5834-AC73206BDD82}.Release|Any CPU.Build.0 = Release|Any CPU
		{B68D1B49-1C36-DF54-B496-890A9089C412}.Debug|Any CPU.ActiveCfg = Debug|Any CPU
		{B68D1B49-1C36-DF54-B496-890A9089C412}.Debug|Any CPU.Build.0 = Debug|Any CPU
		{B68D1B49-1C36-DF54-B496-890A9089C412}.Release|Any CPU.ActiveCfg = Release|Any CPU
		{B68D1B49-1C36-DF54-B496-890A9089C412}.Release|Any CPU.Build.0 = Release|Any CPU
		{BA6B4717-B505-32D9-CACF-6E09E6770785}.Debug|Any CPU.ActiveCfg = Debug|Any CPU
		{BA6B4717-B505-32D9-CACF-6E09E6770785}.Debug|Any CPU.Build.0 = Debug|Any CPU
		{BA6B4717-B505-32D9-CACF-6E09E6770785}.Release|Any CPU.ActiveCfg = Release|Any CPU
		{BA6B4717-B505-32D9-CACF-6E09E6770785}.Release|Any CPU.Build.0 = Release|Any CPU
		{97AD4613-2DF8-0456-E2DE-EBEA154FF6E1}.Debug|Any CPU.ActiveCfg = Debug|Any CPU
		{97AD4613-2DF8-0456-E2DE-EBEA154FF6E1}.Debug|Any CPU.Build.0 = Debug|Any CPU
		{97AD4613-2DF8-0456-E2DE-EBEA154FF6E1}.Release|Any CPU.ActiveCfg = Release|Any CPU
		{97AD4613-2DF8-0456-E2DE-EBEA154FF6E1}.Release|Any CPU.Build.0 = Release|Any CPU
		{425B6333-6139-41EA-5F70-C9C701B40DB9}.Debug|Any CPU.ActiveCfg = Debug|Any CPU
		{425B6333-6139-41EA-5F70-C9C701B40DB9}.Debug|Any CPU.Build.0 = Debug|Any CPU
		{425B6333-6139-41EA-5F70-C9C701B40DB9}.Release|Any CPU.ActiveCfg = Release|Any CPU
		{425B6333-6139-41EA-5F70-C9C701B40DB9}.Release|Any CPU.Build.0 = Release|Any CPU
		{30DEE101-E03B-F712-C496-D2347EEF5AA5}.Debug|Any CPU.ActiveCfg = Debug|Any CPU
		{30DEE101-E03B-F712-C496-D2347EEF5AA5}.Debug|Any CPU.Build.0 = Debug|Any CPU
		{30DEE101-E03B-F712-C496-D2347EEF5AA5}.Release|Any CPU.ActiveCfg = Release|Any CPU
		{30DEE101-E03B-F712-C496-D2347EEF5AA5}.Release|Any CPU.Build.0 = Release|Any CPU
		{7D8E711E-A462-2BC6-786B-3AE9153FACE1}.Debug|Any CPU.ActiveCfg = Debug|Any CPU
		{7D8E711E-A462-2BC6-786B-3AE9153FACE1}.Debug|Any CPU.Build.0 = Debug|Any CPU
		{7D8E711E-A462-2BC6-786B-3AE9153FACE1}.Release|Any CPU.ActiveCfg = Release|Any CPU
		{7D8E711E-A462-2BC6-786B-3AE9153FACE1}.Release|Any CPU.Build.0 = Release|Any CPU
		{601571A3-0933-2081-291B-770736294515}.Debug|Any CPU.ActiveCfg = Debug|Any CPU
		{601571A3-0933-2081-291B-770736294515}.Debug|Any CPU.Build.0 = Debug|Any CPU
		{601571A3-0933-2081-291B-770736294515}.Release|Any CPU.ActiveCfg = Release|Any CPU
		{601571A3-0933-2081-291B-770736294515}.Release|Any CPU.Build.0 = Release|Any CPU
		{7C4F0455-14FB-A355-42E9-DBADE7569E40}.Debug|Any CPU.ActiveCfg = Debug|Any CPU
		{7C4F0455-14FB-A355-42E9-DBADE7569E40}.Debug|Any CPU.Build.0 = Debug|Any CPU
		{7C4F0455-14FB-A355-42E9-DBADE7569E40}.Release|Any CPU.ActiveCfg = Release|Any CPU
		{7C4F0455-14FB-A355-42E9-DBADE7569E40}.Release|Any CPU.Build.0 = Release|Any CPU
		{A7E88772-8F8B-C1E4-99B8-A4129B3EF702}.Debug|Any CPU.ActiveCfg = Debug|Any CPU
		{A7E88772-8F8B-C1E4-99B8-A4129B3EF702}.Debug|Any CPU.Build.0 = Debug|Any CPU
		{A7E88772-8F8B-C1E4-99B8-A4129B3EF702}.Release|Any CPU.ActiveCfg = Release|Any CPU
		{A7E88772-8F8B-C1E4-99B8-A4129B3EF702}.Release|Any CPU.Build.0 = Release|Any CPU
		{9BE86689-F3EB-3FC1-54D7-DF082C9C6BB6}.Debug|Any CPU.ActiveCfg = Debug|Any CPU
		{9BE86689-F3EB-3FC1-54D7-DF082C9C6BB6}.Debug|Any CPU.Build.0 = Debug|Any CPU
		{9BE86689-F3EB-3FC1-54D7-DF082C9C6BB6}.Release|Any CPU.ActiveCfg = Release|Any CPU
		{9BE86689-F3EB-3FC1-54D7-DF082C9C6BB6}.Release|Any CPU.Build.0 = Release|Any CPU
		{A54C5723-36A2-5446-6922-AA7E76E9F062}.Debug|Any CPU.ActiveCfg = Debug|Any CPU
		{A54C5723-36A2-5446-6922-AA7E76E9F062}.Debug|Any CPU.Build.0 = Debug|Any CPU
		{A54C5723-36A2-5446-6922-AA7E76E9F062}.Release|Any CPU.ActiveCfg = Release|Any CPU
		{A54C5723-36A2-5446-6922-AA7E76E9F062}.Release|Any CPU.Build.0 = Release|Any CPU
		{97D5C790-9798-561E-EC1C-548714DDAE3C}.Debug|Any CPU.ActiveCfg = Debug|Any CPU
		{97D5C790-9798-561E-EC1C-548714DDAE3C}.Debug|Any CPU.Build.0 = Debug|Any CPU
		{97D5C790-9798-561E-EC1C-548714DDAE3C}.Release|Any CPU.ActiveCfg = Release|Any CPU
		{97D5C790-9798-561E-EC1C-548714DDAE3C}.Release|Any CPU.Build.0 = Release|Any CPU
		{3F9F7B27-0CCC-B9F1-DCAF-D913FCB89583}.Debug|Any CPU.ActiveCfg = Debug|Any CPU
		{3F9F7B27-0CCC-B9F1-DCAF-D913FCB89583}.Debug|Any CPU.Build.0 = Debug|Any CPU
		{3F9F7B27-0CCC-B9F1-DCAF-D913FCB89583}.Release|Any CPU.ActiveCfg = Release|Any CPU
		{3F9F7B27-0CCC-B9F1-DCAF-D913FCB89583}.Release|Any CPU.Build.0 = Release|Any CPU
		{CF78A15C-2C22-D867-5075-95C44C7A26B5}.Debug|Any CPU.ActiveCfg = Debug|Any CPU
		{CF78A15C-2C22-D867-5075-95C44C7A26B5}.Debug|Any CPU.Build.0 = Debug|Any CPU
		{CF78A15C-2C22-D867-5075-95C44C7A26B5}.Release|Any CPU.ActiveCfg = Release|Any CPU
		{CF78A15C-2C22-D867-5075-95C44C7A26B5}.Release|Any CPU.Build.0 = Release|Any CPU
		{2C7D2173-8054-B870-4AF9-1082A7F7A137}.Debug|Any CPU.ActiveCfg = Debug|Any CPU
		{2C7D2173-8054-B870-4AF9-1082A7F7A137}.Debug|Any CPU.Build.0 = Debug|Any CPU
		{2C7D2173-8054-B870-4AF9-1082A7F7A137}.Release|Any CPU.ActiveCfg = Release|Any CPU
		{2C7D2173-8054-B870-4AF9-1082A7F7A137}.Release|Any CPU.Build.0 = Release|Any CPU
		{625AD757-D25F-6973-BCF6-A8BCF3BC6C50}.Debug|Any CPU.ActiveCfg = Debug|Any CPU
		{625AD757-D25F-6973-BCF6-A8BCF3BC6C50}.Debug|Any CPU.Build.0 = Debug|Any CPU
		{625AD757-D25F-6973-BCF6-A8BCF3BC6C50}.Release|Any CPU.ActiveCfg = Release|Any CPU
		{625AD757-D25F-6973-BCF6-A8BCF3BC6C50}.Release|Any CPU.Build.0 = Release|Any CPU
		{AE6EBA49-31E9-BD3D-A3BA-C95D8C26CC03}.Debug|Any CPU.ActiveCfg = Debug|Any CPU
		{AE6EBA49-31E9-BD3D-A3BA-C95D8C26CC03}.Debug|Any CPU.Build.0 = Debug|Any CPU
		{AE6EBA49-31E9-BD3D-A3BA-C95D8C26CC03}.Release|Any CPU.ActiveCfg = Release|Any CPU
		{AE6EBA49-31E9-BD3D-A3BA-C95D8C26CC03}.Release|Any CPU.Build.0 = Release|Any CPU
		{6651610F-11C8-DF65-7031-E9FC95AAE036}.Debug|Any CPU.ActiveCfg = Debug|Any CPU
		{6651610F-11C8-DF65-7031-E9FC95AAE036}.Debug|Any CPU.Build.0 = Debug|Any CPU
		{6651610F-11C8-DF65-7031-E9FC95AAE036}.Release|Any CPU.ActiveCfg = Release|Any CPU
		{6651610F-11C8-DF65-7031-E9FC95AAE036}.Release|Any CPU.Build.0 = Release|Any CPU
		{66C8758F-56D6-B207-D712-C80719D450B2}.Debug|Any CPU.ActiveCfg = Debug|Any CPU
		{66C8758F-56D6-B207-D712-C80719D450B2}.Debug|Any CPU.Build.0 = Debug|Any CPU
		{66C8758F-56D6-B207-D712-C80719D450B2}.Release|Any CPU.ActiveCfg = Release|Any CPU
		{66C8758F-56D6-B207-D712-C80719D450B2}.Release|Any CPU.Build.0 = Release|Any CPU
		{98C8C5E9-EF2D-E4BF-0121-391FE8ED052C}.Debug|Any CPU.ActiveCfg = Debug|Any CPU
		{98C8C5E9-EF2D-E4BF-0121-391FE8ED052C}.Debug|Any CPU.Build.0 = Debug|Any CPU
		{98C8C5E9-EF2D-E4BF-0121-391FE8ED052C}.Release|Any CPU.ActiveCfg = Release|Any CPU
		{98C8C5E9-EF2D-E4BF-0121-391FE8ED052C}.Release|Any CPU.Build.0 = Release|Any CPU
		{2A7E325A-3517-A73A-80C2-8B02DF1E60E3}.Debug|Any CPU.ActiveCfg = Debug|Any CPU
		{2A7E325A-3517-A73A-80C2-8B02DF1E60E3}.Debug|Any CPU.Build.0 = Debug|Any CPU
		{2A7E325A-3517-A73A-80C2-8B02DF1E60E3}.Release|Any CPU.ActiveCfg = Release|Any CPU
		{2A7E325A-3517-A73A-80C2-8B02DF1E60E3}.Release|Any CPU.Build.0 = Release|Any CPU
		{394144B7-DF24-2A17-0524-C9A8A4AA0E8C}.Debug|Any CPU.ActiveCfg = Debug|Any CPU
		{394144B7-DF24-2A17-0524-C9A8A4AA0E8C}.Debug|Any CPU.Build.0 = Debug|Any CPU
		{394144B7-DF24-2A17-0524-C9A8A4AA0E8C}.Release|Any CPU.ActiveCfg = Release|Any CPU
		{394144B7-DF24-2A17-0524-C9A8A4AA0E8C}.Release|Any CPU.Build.0 = Release|Any CPU
		{DCA09729-E9B0-D428-0999-E948799CBC5E}.Debug|Any CPU.ActiveCfg = Debug|Any CPU
		{DCA09729-E9B0-D428-0999-E948799CBC5E}.Debug|Any CPU.Build.0 = Debug|Any CPU
		{DCA09729-E9B0-D428-0999-E948799CBC5E}.Release|Any CPU.ActiveCfg = Release|Any CPU
		{DCA09729-E9B0-D428-0999-E948799CBC5E}.Release|Any CPU.Build.0 = Release|Any CPU
		{31C5B0B0-CBDD-5A44-869A-68CF1DE6ABC3}.Debug|Any CPU.ActiveCfg = Debug|Any CPU
		{31C5B0B0-CBDD-5A44-869A-68CF1DE6ABC3}.Debug|Any CPU.Build.0 = Debug|Any CPU
		{31C5B0B0-CBDD-5A44-869A-68CF1DE6ABC3}.Release|Any CPU.ActiveCfg = Release|Any CPU
		{31C5B0B0-CBDD-5A44-869A-68CF1DE6ABC3}.Release|Any CPU.Build.0 = Release|Any CPU
		{FECCB061-AD95-D529-FC18-11A6F4E695C4}.Debug|Any CPU.ActiveCfg = Debug|Any CPU
		{FECCB061-AD95-D529-FC18-11A6F4E695C4}.Debug|Any CPU.Build.0 = Debug|Any CPU
		{FECCB061-AD95-D529-FC18-11A6F4E695C4}.Release|Any CPU.ActiveCfg = Release|Any CPU
		{FECCB061-AD95-D529-FC18-11A6F4E695C4}.Release|Any CPU.Build.0 = Release|Any CPU
		{3A9563DC-3D8F-0E31-EE90-BB3B0BB26F70}.Debug|Any CPU.ActiveCfg = Debug|Any CPU
		{3A9563DC-3D8F-0E31-EE90-BB3B0BB26F70}.Debug|Any CPU.Build.0 = Debug|Any CPU
		{3A9563DC-3D8F-0E31-EE90-BB3B0BB26F70}.Release|Any CPU.ActiveCfg = Release|Any CPU
		{3A9563DC-3D8F-0E31-EE90-BB3B0BB26F70}.Release|Any CPU.Build.0 = Release|Any CPU
		{0A7FD969-DCF7-960D-CF35-D4F9C9818ED7}.Debug|Any CPU.ActiveCfg = Debug|Any CPU
		{0A7FD969-DCF7-960D-CF35-D4F9C9818ED7}.Debug|Any CPU.Build.0 = Debug|Any CPU
		{0A7FD969-DCF7-960D-CF35-D4F9C9818ED7}.Release|Any CPU.ActiveCfg = Release|Any CPU
		{0A7FD969-DCF7-960D-CF35-D4F9C9818ED7}.Release|Any CPU.Build.0 = Release|Any CPU
		{B761D591-A2D7-D150-798E-D1E864388A05}.Debug|Any CPU.ActiveCfg = Debug|Any CPU
		{B761D591-A2D7-D150-798E-D1E864388A05}.Debug|Any CPU.Build.0 = Debug|Any CPU
		{B761D591-A2D7-D150-798E-D1E864388A05}.Release|Any CPU.ActiveCfg = Release|Any CPU
		{B761D591-A2D7-D150-798E-D1E864388A05}.Release|Any CPU.Build.0 = Release|Any CPU
		{399C8769-C82C-E0C4-C28F-94280582165B}.Debug|Any CPU.ActiveCfg = Debug|Any CPU
		{399C8769-C82C-E0C4-C28F-94280582165B}.Debug|Any CPU.Build.0 = Debug|Any CPU
		{399C8769-C82C-E0C4-C28F-94280582165B}.Release|Any CPU.ActiveCfg = Release|Any CPU
		{399C8769-C82C-E0C4-C28F-94280582165B}.Release|Any CPU.Build.0 = Release|Any CPU
		{5663FB53-699D-93DA-0BFB-DA4F3236E1D7}.Debug|Any CPU.ActiveCfg = Debug|Any CPU
		{5663FB53-699D-93DA-0BFB-DA4F3236E1D7}.Debug|Any CPU.Build.0 = Debug|Any CPU
		{5663FB53-699D-93DA-0BFB-DA4F3236E1D7}.Release|Any CPU.ActiveCfg = Release|Any CPU
		{5663FB53-699D-93DA-0BFB-DA4F3236E1D7}.Release|Any CPU.Build.0 = Release|Any CPU
		{98F0AC8A-6563-47D5-B936-0CBD5DCC075F}.Debug|Any CPU.ActiveCfg = Debug|Any CPU
		{98F0AC8A-6563-47D5-B936-0CBD5DCC075F}.Debug|Any CPU.Build.0 = Debug|Any CPU
		{98F0AC8A-6563-47D5-B936-0CBD5DCC075F}.Release|Any CPU.ActiveCfg = Release|Any CPU
		{98F0AC8A-6563-47D5-B936-0CBD5DCC075F}.Release|Any CPU.Build.0 = Release|Any CPU
		{6CB1EF53-3590-12D1-5C84-BFBDEFCF3C82}.Debug|Any CPU.ActiveCfg = Debug|Any CPU
		{6CB1EF53-3590-12D1-5C84-BFBDEFCF3C82}.Debug|Any CPU.Build.0 = Debug|Any CPU
		{6CB1EF53-3590-12D1-5C84-BFBDEFCF3C82}.Release|Any CPU.ActiveCfg = Release|Any CPU
		{6CB1EF53-3590-12D1-5C84-BFBDEFCF3C82}.Release|Any CPU.Build.0 = Release|Any CPU
		{C31FE2E3-B9AE-8577-E477-6CB12C0F09D3}.Debug|Any CPU.ActiveCfg = Debug|Any CPU
		{C31FE2E3-B9AE-8577-E477-6CB12C0F09D3}.Debug|Any CPU.Build.0 = Debug|Any CPU
		{C31FE2E3-B9AE-8577-E477-6CB12C0F09D3}.Release|Any CPU.ActiveCfg = Release|Any CPU
		{C31FE2E3-B9AE-8577-E477-6CB12C0F09D3}.Release|Any CPU.Build.0 = Release|Any CPU
		{8FB8B85F-FD54-0C5E-A36E-7621057D5132}.Debug|Any CPU.ActiveCfg = Debug|Any CPU
		{8FB8B85F-FD54-0C5E-A36E-7621057D5132}.Debug|Any CPU.Build.0 = Debug|Any CPU
		{8FB8B85F-FD54-0C5E-A36E-7621057D5132}.Release|Any CPU.ActiveCfg = Release|Any CPU
		{8FB8B85F-FD54-0C5E-A36E-7621057D5132}.Release|Any CPU.Build.0 = Release|Any CPU
		{3216795E-F75F-33DB-3495-4911F8843220}.Debug|Any CPU.ActiveCfg = Debug|Any CPU
		{3216795E-F75F-33DB-3495-4911F8843220}.Debug|Any CPU.Build.0 = Debug|Any CPU
		{3216795E-F75F-33DB-3495-4911F8843220}.Release|Any CPU.ActiveCfg = Release|Any CPU
		{3216795E-F75F-33DB-3495-4911F8843220}.Release|Any CPU.Build.0 = Release|Any CPU
		{95476462-CA12-666F-8DC7-82DC9E3B8344}.Debug|Any CPU.ActiveCfg = Debug|Any CPU
		{95476462-CA12-666F-8DC7-82DC9E3B8344}.Debug|Any CPU.Build.0 = Debug|Any CPU
		{95476462-CA12-666F-8DC7-82DC9E3B8344}.Release|Any CPU.ActiveCfg = Release|Any CPU
		{95476462-CA12-666F-8DC7-82DC9E3B8344}.Release|Any CPU.Build.0 = Release|Any CPU
		{ACB62EEA-9449-9F0A-41A0-B89E356AF4BA}.Debug|Any CPU.ActiveCfg = Debug|Any CPU
		{ACB62EEA-9449-9F0A-41A0-B89E356AF4BA}.Debug|Any CPU.Build.0 = Debug|Any CPU
		{ACB62EEA-9449-9F0A-41A0-B89E356AF4BA}.Release|Any CPU.ActiveCfg = Release|Any CPU
		{ACB62EEA-9449-9F0A-41A0-B89E356AF4BA}.Release|Any CPU.Build.0 = Release|Any CPU
		{68B1B2F7-A7AB-A50F-C00C-046F85106D81}.Debug|Any CPU.ActiveCfg = Debug|Any CPU
		{68B1B2F7-A7AB-A50F-C00C-046F85106D81}.Debug|Any CPU.Build.0 = Debug|Any CPU
		{68B1B2F7-A7AB-A50F-C00C-046F85106D81}.Release|Any CPU.ActiveCfg = Release|Any CPU
		{68B1B2F7-A7AB-A50F-C00C-046F85106D81}.Release|Any CPU.Build.0 = Release|Any CPU
	EndGlobalSection
	GlobalSection(SolutionProperties) = preSolution
		HideSolutionNode = FALSE
	EndGlobalSection
EndGlobal
