
Microsoft Visual Studio Solution File, Format Version 12.00
# Visual Studio 15
Project("{FAE04EC0-301F-11D3-BF4B-00C04F79EFBC}") = "UnityEngine.TestRunner", "UnityEngine.TestRunner.csproj", "{8FD60E6E-5D8C-73E5-27D9-FB5BBC74922E}"
EndProject
Project("{FAE04EC0-301F-11D3-BF4B-00C04F79EFBC}") = "Unity.VisualScripting.Flow", "Unity.VisualScripting.Flow.csproj", "{B3E7E26E-FD71-2FD7-34F2-A809F54D068D}"
EndProject
Project("{FAE04EC0-301F-11D3-BF4B-00C04F79EFBC}") = "Unity.VisualScripting.State", "Unity.VisualScripting.State.csproj", "{A3591B60-DB74-EC1D-28E0-08913DAFCC70}"
EndProject
Project("{FAE04EC0-301F-11D3-BF4B-00C04F79EFBC}") = "Unity.VisualScripting.Core", "Unity.VisualScripting.Core.csproj", "{0598AD0F-D66C-1A89-0A8F-4FA17EBE62BA}"
EndProject
Project("{FAE04EC0-301F-11D3-BF4B-00C04F79EFBC}") = "Unity.TextMeshPro", "Unity.TextMeshPro.csproj", "{BCCB56D0-EDF9-4F04-0456-FC93B0A13DB3}"
EndProject
Project("{FAE04EC0-301F-11D3-BF4B-00C04F79EFBC}") = "Unity.Timeline", "Unity.Timeline.csproj", "{A3C49D7A-8149-DFDB-7082-37252106FEFA}"
EndProject
Project("{FAE04EC0-301F-11D3-BF4B-00C04F79EFBC}") = "Assembly-CSharp-firstpass", "Assembly-CSharp-firstpass.csproj", "{0BDBF12B-1A54-E9F2-67CC-ED72C3B12C20}"
EndProject
Project("{FAE04EC0-301F-11D3-BF4B-00C04F79EFBC}") = "Unity.TerrainTools", "Unity.TerrainTools.csproj", "{6823B86C-57E2-B803-B002-9EA4B58D8916}"
EndProject
Project("{FAE04EC0-301F-11D3-BF4B-00C04F79EFBC}") = "Assembly-CSharp", "Assembly-CSharp.csproj", "{05A18F71-4FEB-CE4A-DDE2-FB0D87D295AA}"
EndProject
Project("{FAE04EC0-301F-11D3-BF4B-00C04F79EFBC}") = "Unity.PlasticSCM.Editor", "Unity.PlasticSCM.Editor.csproj", "{EAD5240E-C7CB-A83A-9999-219EA39E0F84}"
EndProject
Project("{FAE04EC0-301F-11D3-BF4B-00C04F79EFBC}") = "Unity.VisualScripting.Core.Editor", "Unity.VisualScripting.Core.Editor.csproj", "{9EE59BF9-6C3B-D924-76B3-9542D489A8D8}"
EndProject
Project("{FAE04EC0-301F-11D3-BF4B-00C04F79EFBC}") = "Unity.VisualScripting.Flow.Editor", "Unity.VisualScripting.Flow.Editor.csproj", "{BCD32078-B988-1DB7-8745-A451BEEBA0B6}"
EndProject
Project("{FAE04EC0-301F-11D3-BF4B-00C04F79EFBC}") = "Unity.TerrainTools.Editor", "Unity.TerrainTools.Editor.csproj", "{8C2F528D-5E49-A917-B687-AF12C0EF89BE}"
EndProject
Project("{FAE04EC0-301F-11D3-BF4B-00C04F79EFBC}") = "Unity.VisualStudio.Editor", "Unity.VisualStudio.Editor.csproj", "{AF71FD2A-C4C5-483A-5634-D86ED976F372}"
EndProject
Project("{FAE04EC0-301F-11D3-BF4B-00C04F79EFBC}") = "Unity.Timeline.Editor", "Unity.Timeline.Editor.csproj", "{9A809DB9-589A-F79A-599B-846F59977383}"
EndProject
Project("{FAE04EC0-301F-11D3-BF4B-00C04F79EFBC}") = "Unity.VisualScripting.State.Editor", "Unity.VisualScripting.State.Editor.csproj", "{4FB82E9B-155F-8619-324C-7EBD01E53C27}"
EndProject
Project("{FAE04EC0-301F-11D3-BF4B-00C04F79EFBC}") = "Unity.TextMeshPro.Editor", "Unity.TextMeshPro.Editor.csproj", "{083F386D-4580-0919-3785-231CCD0E7D56}"
EndProject
Project("{FAE04EC0-301F-11D3-BF4B-00C04F79EFBC}") = "Unity.VisualScripting.SettingsProvider.Editor", "Unity.VisualScripting.SettingsProvider.Editor.csproj", "{5E9E3E21-A099-1AE6-AFC5-1DEDF2F36AE6}"
EndProject
Project("{FAE04EC0-301F-11D3-BF4B-00C04F79EFBC}") = "UnityEditor.TestRunner", "UnityEditor.TestRunner.csproj", "{23EF3D52-9EF2-F2C1-1F5F-88BDC3AC0FA3}"
EndProject
Project("{FAE04EC0-301F-11D3-BF4B-00C04F79EFBC}") = "Unity.TestTools.CodeCoverage.Editor", "Unity.TestTools.CodeCoverage.Editor.csproj", "{16E45F5A-F4DB-612D-8966-059B8B30A89D}"
EndProject
Project("{FAE04EC0-301F-11D3-BF4B-00C04F79EFBC}") = "Unity.Rider.Editor", "Unity.Rider.Editor.csproj", "{83304631-43A2-7FE4-AAD7-52F973151E2F}"
EndProject
Project("{FAE04EC0-301F-11D3-BF4B-00C04F79EFBC}") = "Unity.Performance.Profile-Analyzer.Editor", "Unity.Performance.Profile-Analyzer.Editor.csproj", "{E9E088DF-A48C-E298-AD8C-6750F9CF6677}"
EndProject
Project("{FAE04EC0-301F-11D3-BF4B-00C04F79EFBC}") = "Unity.VSCode.Editor", "Unity.VSCode.Editor.csproj", "{15067CBB-EDE9-2929-2775-E76C22E67FAF}"
EndProject
Project("{FAE04EC0-301F-11D3-BF4B-00C04F79EFBC}") = "Unity.TestTools.CodeCoverage.Editor.OpenCover.Model", "Unity.TestTools.CodeCoverage.Editor.OpenCover.Model.csproj", "{A387BA42-A7BE-4BD0-C424-191B0F15EDB8}"
EndProject
Project("{FAE04EC0-301F-11D3-BF4B-00C04F79EFBC}") = "Unity.EditorCoroutines.Editor", "Unity.EditorCoroutines.Editor.csproj", "{8763F050-2E32-47EC-DD0A-A6313ACEF841}"
EndProject
Project("{FAE04EC0-301F-11D3-BF4B-00C04F79EFBC}") = "Unity.Settings.Editor", "Unity.Settings.Editor.csproj", "{D063010C-75C3-B396-1436-A6285B0AE05E}"
EndProject
Project("{FAE04EC0-301F-11D3-BF4B-00C04F79EFBC}") = "Unity.CollabProxy.Editor", "Unity.CollabProxy.Editor.csproj", "{1E0627F1-E2E8-56E0-CFCC-D1DBA8E7AEF2}"
EndProject
Project("{FAE04EC0-301F-11D3-BF4B-00C04F79EFBC}") = "Assembly-CSharp-Editor-firstpass", "Assembly-CSharp-Editor-firstpass.csproj", "{A8227BA9-8329-6067-65D1-96E93C25877F}"
EndProject
Project("{FAE04EC0-301F-11D3-BF4B-00C04F79EFBC}") = "Unity.TestTools.CodeCoverage.Editor.OpenCover.Mono.Reflection", "Unity.TestTools.CodeCoverage.Editor.OpenCover.Mono.Reflection.csproj", "{16F48337-56B5-B38A-3442-91A2CF3D9BDF}"
EndProject
Project("{FAE04EC0-301F-11D3-BF4B-00C04F79EFBC}") = "Unity.VisualScripting.Shared.Editor", "Unity.VisualScripting.Shared.Editor.csproj", "{6521EF42-2C8C-6BDE-B36D-294916D8448F}"
EndProject
Global
	GlobalSection(SolutionConfigurationPlatforms) = preSolution
		Debug|Any CPU = Debug|Any CPU
		Release|Any CPU = Release|Any CPU
	EndGlobalSection
	GlobalSection(ProjectConfigurationPlatforms) = postSolution
		{8FD60E6E-5D8C-73E5-27D9-FB5BBC74922E}.Debug|Any CPU.ActiveCfg = Debug|Any CPU
		{8FD60E6E-5D8C-73E5-27D9-FB5BBC74922E}.Debug|Any CPU.Build.0 = Debug|Any CPU
		{8FD60E6E-5D8C-73E5-27D9-FB5BBC74922E}.Release|Any CPU.ActiveCfg = Release|Any CPU
		{8FD60E6E-5D8C-73E5-27D9-FB5BBC74922E}.Release|Any CPU.Build.0 = Release|Any CPU
		{B3E7E26E-FD71-2FD7-34F2-A809F54D068D}.Debug|Any CPU.ActiveCfg = Debug|Any CPU
		{B3E7E26E-FD71-2FD7-34F2-A809F54D068D}.Debug|Any CPU.Build.0 = Debug|Any CPU
		{B3E7E26E-FD71-2FD7-34F2-A809F54D068D}.Release|Any CPU.ActiveCfg = Release|Any CPU
		{B3E7E26E-FD71-2FD7-34F2-A809F54D068D}.Release|Any CPU.Build.0 = Release|Any CPU
		{A3591B60-DB74-EC1D-28E0-08913DAFCC70}.Debug|Any CPU.ActiveCfg = Debug|Any CPU
		{A3591B60-DB74-EC1D-28E0-08913DAFCC70}.Debug|Any CPU.Build.0 = Debug|Any CPU
		{A3591B60-DB74-EC1D-28E0-08913DAFCC70}.Release|Any CPU.ActiveCfg = Release|Any CPU
		{A3591B60-DB74-EC1D-28E0-08913DAFCC70}.Release|Any CPU.Build.0 = Release|Any CPU
		{0598AD0F-D66C-1A89-0A8F-4FA17EBE62BA}.Debug|Any CPU.ActiveCfg = Debug|Any CPU
		{0598AD0F-D66C-1A89-0A8F-4FA17EBE62BA}.Debug|Any CPU.Build.0 = Debug|Any CPU
		{0598AD0F-D66C-1A89-0A8F-4FA17EBE62BA}.Release|Any CPU.ActiveCfg = Release|Any CPU
		{0598AD0F-D66C-1A89-0A8F-4FA17EBE62BA}.Release|Any CPU.Build.0 = Release|Any CPU
		{BCCB56D0-EDF9-4F04-0456-FC93B0A13DB3}.Debug|Any CPU.ActiveCfg = Debug|Any CPU
		{BCCB56D0-EDF9-4F04-0456-FC93B0A13DB3}.Debug|Any CPU.Build.0 = Debug|Any CPU
		{BCCB56D0-EDF9-4F04-0456-FC93B0A13DB3}.Release|Any CPU.ActiveCfg = Release|Any CPU
		{BCCB56D0-EDF9-4F04-0456-FC93B0A13DB3}.Release|Any CPU.Build.0 = Release|Any CPU
		{A3C49D7A-8149-DFDB-7082-37252106FEFA}.Debug|Any CPU.ActiveCfg = Debug|Any CPU
		{A3C49D7A-8149-DFDB-7082-37252106FEFA}.Debug|Any CPU.Build.0 = Debug|Any CPU
		{A3C49D7A-8149-DFDB-7082-37252106FEFA}.Release|Any CPU.ActiveCfg = Release|Any CPU
		{A3C49D7A-8149-DFDB-7082-37252106FEFA}.Release|Any CPU.Build.0 = Release|Any CPU
		{0BDBF12B-1A54-E9F2-67CC-ED72C3B12C20}.Debug|Any CPU.ActiveCfg = Debug|Any CPU
		{0BDBF12B-1A54-E9F2-67CC-ED72C3B12C20}.Debug|Any CPU.Build.0 = Debug|Any CPU
		{0BDBF12B-1A54-E9F2-67CC-ED72C3B12C20}.Release|Any CPU.ActiveCfg = Release|Any CPU
		{0BDBF12B-1A54-E9F2-67CC-ED72C3B12C20}.Release|Any CPU.Build.0 = Release|Any CPU
		{6823B86C-57E2-B803-B002-9EA4B58D8916}.Debug|Any CPU.ActiveCfg = Debug|Any CPU
		{6823B86C-57E2-B803-B002-9EA4B58D8916}.Debug|Any CPU.Build.0 = Debug|Any CPU
		{6823B86C-57E2-B803-B002-9EA4B58D8916}.Release|Any CPU.ActiveCfg = Release|Any CPU
		{6823B86C-57E2-B803-B002-9EA4B58D8916}.Release|Any CPU.Build.0 = Release|Any CPU
		{05A18F71-4FEB-CE4A-DDE2-FB0D87D295AA}.Debug|Any CPU.ActiveCfg = Debug|Any CPU
		{05A18F71-4FEB-CE4A-DDE2-FB0D87D295AA}.Debug|Any CPU.Build.0 = Debug|Any CPU
		{05A18F71-4FEB-CE4A-DDE2-FB0D87D295AA}.Release|Any CPU.ActiveCfg = Release|Any CPU
		{05A18F71-4FEB-CE4A-DDE2-FB0D87D295AA}.Release|Any CPU.Build.0 = Release|Any CPU
		{EAD5240E-C7CB-A83A-9999-219EA39E0F84}.Debug|Any CPU.ActiveCfg = Debug|Any CPU
		{EAD5240E-C7CB-A83A-9999-219EA39E0F84}.Debug|Any CPU.Build.0 = Debug|Any CPU
		{EAD5240E-C7CB-A83A-9999-219EA39E0F84}.Release|Any CPU.ActiveCfg = Release|Any CPU
		{EAD5240E-C7CB-A83A-9999-219EA39E0F84}.Release|Any CPU.Build.0 = Release|Any CPU
		{9EE59BF9-6C3B-D924-76B3-9542D489A8D8}.Debug|Any CPU.ActiveCfg = Debug|Any CPU
		{9EE59BF9-6C3B-D924-76B3-9542D489A8D8}.Debug|Any CPU.Build.0 = Debug|Any CPU
		{9EE59BF9-6C3B-D924-76B3-9542D489A8D8}.Release|Any CPU.ActiveCfg = Release|Any CPU
		{9EE59BF9-6C3B-D924-76B3-9542D489A8D8}.Release|Any CPU.Build.0 = Release|Any CPU
		{BCD32078-B988-1DB7-8745-A451BEEBA0B6}.Debug|Any CPU.ActiveCfg = Debug|Any CPU
		{BCD32078-B988-1DB7-8745-A451BEEBA0B6}.Debug|Any CPU.Build.0 = Debug|Any CPU
		{BCD32078-B988-1DB7-8745-A451BEEBA0B6}.Release|Any CPU.ActiveCfg = Release|Any CPU
		{BCD32078-B988-1DB7-8745-A451BEEBA0B6}.Release|Any CPU.Build.0 = Release|Any CPU
		{8C2F528D-5E49-A917-B687-AF12C0EF89BE}.Debug|Any CPU.ActiveCfg = Debug|Any CPU
		{8C2F528D-5E49-A917-B687-AF12C0EF89BE}.Debug|Any CPU.Build.0 = Debug|Any CPU
		{8C2F528D-5E49-A917-B687-AF12C0EF89BE}.Release|Any CPU.ActiveCfg = Release|Any CPU
		{8C2F528D-5E49-A917-B687-AF12C0EF89BE}.Release|Any CPU.Build.0 = Release|Any CPU
		{AF71FD2A-C4C5-483A-5634-D86ED976F372}.Debug|Any CPU.ActiveCfg = Debug|Any CPU
		{AF71FD2A-C4C5-483A-5634-D86ED976F372}.Debug|Any CPU.Build.0 = Debug|Any CPU
		{AF71FD2A-C4C5-483A-5634-D86ED976F372}.Release|Any CPU.ActiveCfg = Release|Any CPU
		{AF71FD2A-C4C5-483A-5634-D86ED976F372}.Release|Any CPU.Build.0 = Release|Any CPU
		{9A809DB9-589A-F79A-599B-846F59977383}.Debug|Any CPU.ActiveCfg = Debug|Any CPU
		{9A809DB9-589A-F79A-599B-846F59977383}.Debug|Any CPU.Build.0 = Debug|Any CPU
		{9A809DB9-589A-F79A-599B-846F59977383}.Release|Any CPU.ActiveCfg = Release|Any CPU
		{9A809DB9-589A-F79A-599B-846F59977383}.Release|Any CPU.Build.0 = Release|Any CPU
		{4FB82E9B-155F-8619-324C-7EBD01E53C27}.Debug|Any CPU.ActiveCfg = Debug|Any CPU
		{4FB82E9B-155F-8619-324C-7EBD01E53C27}.Debug|Any CPU.Build.0 = Debug|Any CPU
		{4FB82E9B-155F-8619-324C-7EBD01E53C27}.Release|Any CPU.ActiveCfg = Release|Any CPU
		{4FB82E9B-155F-8619-324C-7EBD01E53C27}.Release|Any CPU.Build.0 = Release|Any CPU
		{083F386D-4580-0919-3785-231CCD0E7D56}.Debug|Any CPU.ActiveCfg = Debug|Any CPU
		{083F386D-4580-0919-3785-231CCD0E7D56}.Debug|Any CPU.Build.0 = Debug|Any CPU
		{083F386D-4580-0919-3785-231CCD0E7D56}.Release|Any CPU.ActiveCfg = Release|Any CPU
		{083F386D-4580-0919-3785-231CCD0E7D56}.Release|Any CPU.Build.0 = Release|Any CPU
		{5E9E3E21-A099-1AE6-AFC5-1DEDF2F36AE6}.Debug|Any CPU.ActiveCfg = Debug|Any CPU
		{5E9E3E21-A099-1AE6-AFC5-1DEDF2F36AE6}.Debug|Any CPU.Build.0 = Debug|Any CPU
		{5E9E3E21-A099-1AE6-AFC5-1DEDF2F36AE6}.Release|Any CPU.ActiveCfg = Release|Any CPU
		{5E9E3E21-A099-1AE6-AFC5-1DEDF2F36AE6}.Release|Any CPU.Build.0 = Release|Any CPU
		{23EF3D52-9EF2-F2C1-1F5F-88BDC3AC0FA3}.Debug|Any CPU.ActiveCfg = Debug|Any CPU
		{23EF3D52-9EF2-F2C1-1F5F-88BDC3AC0FA3}.Debug|Any CPU.Build.0 = Debug|Any CPU
		{23EF3D52-9EF2-F2C1-1F5F-88BDC3AC0FA3}.Release|Any CPU.ActiveCfg = Release|Any CPU
		{23EF3D52-9EF2-F2C1-1F5F-88BDC3AC0FA3}.Release|Any CPU.Build.0 = Release|Any CPU
		{16E45F5A-F4DB-612D-8966-059B8B30A89D}.Debug|Any CPU.ActiveCfg = Debug|Any CPU
		{16E45F5A-F4DB-612D-8966-059B8B30A89D}.Debug|Any CPU.Build.0 = Debug|Any CPU
		{16E45F5A-F4DB-612D-8966-059B8B30A89D}.Release|Any CPU.ActiveCfg = Release|Any CPU
		{16E45F5A-F4DB-612D-8966-059B8B30A89D}.Release|Any CPU.Build.0 = Release|Any CPU
		{83304631-43A2-7FE4-AAD7-52F973151E2F}.Debug|Any CPU.ActiveCfg = Debug|Any CPU
		{83304631-43A2-7FE4-AAD7-52F973151E2F}.Debug|Any CPU.Build.0 = Debug|Any CPU
		{83304631-43A2-7FE4-AAD7-52F973151E2F}.Release|Any CPU.ActiveCfg = Release|Any CPU
		{83304631-43A2-7FE4-AAD7-52F973151E2F}.Release|Any CPU.Build.0 = Release|Any CPU
		{E9E088DF-A48C-E298-AD8C-6750F9CF6677}.Debug|Any CPU.ActiveCfg = Debug|Any CPU
		{E9E088DF-A48C-E298-AD8C-6750F9CF6677}.Debug|Any CPU.Build.0 = Debug|Any CPU
		{E9E088DF-A48C-E298-AD8C-6750F9CF6677}.Release|Any CPU.ActiveCfg = Release|Any CPU
		{E9E088DF-A48C-E298-AD8C-6750F9CF6677}.Release|Any CPU.Build.0 = Release|Any CPU
		{15067CBB-EDE9-2929-2775-E76C22E67FAF}.Debug|Any CPU.ActiveCfg = Debug|Any CPU
		{15067CBB-EDE9-2929-2775-E76C22E67FAF}.Debug|Any CPU.Build.0 = Debug|Any CPU
		{15067CBB-EDE9-2929-2775-E76C22E67FAF}.Release|Any CPU.ActiveCfg = Release|Any CPU
		{15067CBB-EDE9-2929-2775-E76C22E67FAF}.Release|Any CPU.Build.0 = Release|Any CPU
		{A387BA42-A7BE-4BD0-C424-191B0F15EDB8}.Debug|Any CPU.ActiveCfg = Debug|Any CPU
		{A387BA42-A7BE-4BD0-C424-191B0F15EDB8}.Debug|Any CPU.Build.0 = Debug|Any CPU
		{A387BA42-A7BE-4BD0-C424-191B0F15EDB8}.Release|Any CPU.ActiveCfg = Release|Any CPU
		{A387BA42-A7BE-4BD0-C424-191B0F15EDB8}.Release|Any CPU.Build.0 = Release|Any CPU
		{8763F050-2E32-47EC-DD0A-A6313ACEF841}.Debug|Any CPU.ActiveCfg = Debug|Any CPU
		{8763F050-2E32-47EC-DD0A-A6313ACEF841}.Debug|Any CPU.Build.0 = Debug|Any CPU
		{8763F050-2E32-47EC-DD0A-A6313ACEF841}.Release|Any CPU.ActiveCfg = Release|Any CPU
		{8763F050-2E32-47EC-DD0A-A6313ACEF841}.Release|Any CPU.Build.0 = Release|Any CPU
		{D063010C-75C3-B396-1436-A6285B0AE05E}.Debug|Any CPU.ActiveCfg = Debug|Any CPU
		{D063010C-75C3-B396-1436-A6285B0AE05E}.Debug|Any CPU.Build.0 = Debug|Any CPU
		{D063010C-75C3-B396-1436-A6285B0AE05E}.Release|Any CPU.ActiveCfg = Release|Any CPU
		{D063010C-75C3-B396-1436-A6285B0AE05E}.Release|Any CPU.Build.0 = Release|Any CPU
		{1E0627F1-E2E8-56E0-CFCC-D1DBA8E7AEF2}.Debug|Any CPU.ActiveCfg = Debug|Any CPU
		{1E0627F1-E2E8-56E0-CFCC-D1DBA8E7AEF2}.Debug|Any CPU.Build.0 = Debug|Any CPU
		{1E0627F1-E2E8-56E0-CFCC-D1DBA8E7AEF2}.Release|Any CPU.ActiveCfg = Release|Any CPU
		{1E0627F1-E2E8-56E0-CFCC-D1DBA8E7AEF2}.Release|Any CPU.Build.0 = Release|Any CPU
		{A8227BA9-8329-6067-65D1-96E93C25877F}.Debug|Any CPU.ActiveCfg = Debug|Any CPU
		{A8227BA9-8329-6067-65D1-96E93C25877F}.Debug|Any CPU.Build.0 = Debug|Any CPU
		{A8227BA9-8329-6067-65D1-96E93C25877F}.Release|Any CPU.ActiveCfg = Release|Any CPU
		{A8227BA9-8329-6067-65D1-96E93C25877F}.Release|Any CPU.Build.0 = Release|Any CPU
		{16F48337-56B5-B38A-3442-91A2CF3D9BDF}.Debug|Any CPU.ActiveCfg = Debug|Any CPU
		{16F48337-56B5-B38A-3442-91A2CF3D9BDF}.Debug|Any CPU.Build.0 = Debug|Any CPU
		{16F48337-56B5-B38A-3442-91A2CF3D9BDF}.Release|Any CPU.ActiveCfg = Release|Any CPU
		{16F48337-56B5-B38A-3442-91A2CF3D9BDF}.Release|Any CPU.Build.0 = Release|Any CPU
		{6521EF42-2C8C-6BDE-B36D-294916D8448F}.Debug|Any CPU.ActiveCfg = Debug|Any CPU
		{6521EF42-2C8C-6BDE-B36D-294916D8448F}.Debug|Any CPU.Build.0 = Debug|Any CPU
		{6521EF42-2C8C-6BDE-B36D-294916D8448F}.Release|Any CPU.ActiveCfg = Release|Any CPU
		{6521EF42-2C8C-6BDE-B36D-294916D8448F}.Release|Any CPU.Build.0 = Release|Any CPU
	EndGlobalSection
	GlobalSection(SolutionProperties) = preSolution
		HideSolutionNode = FALSE
	EndGlobalSection
EndGlobal
